// !$*UTF8*$!
{
	archiveVersion = 1;
	classes = {
	};
	objectVersion = 50;
	objects = {

/* Begin PBXBuildFile section */
		004CBF2926E501330078907E /* getData.swift in Sources */ = {isa = PBXBuildFile; fileRef = 004CBF2826E501330078907E /* getData.swift */; };
		00615C2926E591510048F209 /* EditView.swift in Sources */ = {isa = PBXBuildFile; fileRef = 00615C2826E591500048F209 /* EditView.swift */; };
		00615C2E26E5961D0048F209 /* countries.swift in Sources */ = {isa = PBXBuildFile; fileRef = 00615C2D26E5961D0048F209 /* countries.swift */; };
		2CA1325326E1948D000D19D3 /* AppDelegate.swift in Sources */ = {isa = PBXBuildFile; fileRef = 2CA1325226E1948D000D19D3 /* AppDelegate.swift */; };
		2CA1325526E1948D000D19D3 /* SceneDelegate.swift in Sources */ = {isa = PBXBuildFile; fileRef = 2CA1325426E1948D000D19D3 /* SceneDelegate.swift */; };
		2CA1325726E1948D000D19D3 /* ContentView.swift in Sources */ = {isa = PBXBuildFile; fileRef = 2CA1325626E1948D000D19D3 /* ContentView.swift */; };
		2CA1325A26E1948E000D19D3 /* airslip.xcdatamodeld in Sources */ = {isa = PBXBuildFile; fileRef = 2CA1325826E1948E000D19D3 /* airslip.xcdatamodeld */; };
		2CA1325C26E19498000D19D3 /* Assets.xcassets in Resources */ = {isa = PBXBuildFile; fileRef = 2CA1325B26E19498000D19D3 /* Assets.xcassets */; };
		2CA1325F26E19498000D19D3 /* Preview Assets.xcassets in Resources */ = {isa = PBXBuildFile; fileRef = 2CA1325E26E19498000D19D3 /* Preview Assets.xcassets */; };
		2CA1326226E19498000D19D3 /* LaunchScreen.storyboard in Resources */ = {isa = PBXBuildFile; fileRef = 2CA1326026E19498000D19D3 /* LaunchScreen.storyboard */; };
		2CA1326D26E1949A000D19D3 /* airslipTests.swift in Sources */ = {isa = PBXBuildFile; fileRef = 2CA1326C26E1949A000D19D3 /* airslipTests.swift */; };
		2CA1327826E1949B000D19D3 /* airslipUITests.swift in Sources */ = {isa = PBXBuildFile; fileRef = 2CA1327726E1949B000D19D3 /* airslipUITests.swift */; };
/* End PBXBuildFile section */

/* Begin PBXContainerItemProxy section */
		2CA1326926E1949A000D19D3 /* PBXContainerItemProxy */ = {
			isa = PBXContainerItemProxy;
			containerPortal = 2CA1324726E1948D000D19D3 /* Project object */;
			proxyType = 1;
			remoteGlobalIDString = 2CA1324E26E1948D000D19D3;
			remoteInfo = airslip;
		};
		2CA1327426E1949B000D19D3 /* PBXContainerItemProxy */ = {
			isa = PBXContainerItemProxy;
			containerPortal = 2CA1324726E1948D000D19D3 /* Project object */;
			proxyType = 1;
			remoteGlobalIDString = 2CA1324E26E1948D000D19D3;
			remoteInfo = airslip;
		};
/* End PBXContainerItemProxy section */

/* Begin PBXFileReference section */
		004CBF2826E501330078907E /* getData.swift */ = {isa = PBXFileReference; lastKnownFileType = sourcecode.swift; path = getData.swift; sourceTree = "<group>"; };
		00615C2826E591500048F209 /* EditView.swift */ = {isa = PBXFileReference; lastKnownFileType = sourcecode.swift; path = EditView.swift; sourceTree = "<group>"; };
		00615C2D26E5961D0048F209 /* countries.swift */ = {isa = PBXFileReference; lastKnownFileType = sourcecode.swift; path = countries.swift; sourceTree = "<group>"; };
		2CA1324F26E1948D000D19D3 /* airslip.app */ = {isa = PBXFileReference; explicitFileType = wrapper.application; includeInIndex = 0; path = airslip.app; sourceTree = BUILT_PRODUCTS_DIR; };
		2CA1325226E1948D000D19D3 /* AppDelegate.swift */ = {isa = PBXFileReference; lastKnownFileType = sourcecode.swift; path = AppDelegate.swift; sourceTree = "<group>"; };
		2CA1325426E1948D000D19D3 /* SceneDelegate.swift */ = {isa = PBXFileReference; lastKnownFileType = sourcecode.swift; path = SceneDelegate.swift; sourceTree = "<group>"; };
		2CA1325626E1948D000D19D3 /* ContentView.swift */ = {isa = PBXFileReference; lastKnownFileType = sourcecode.swift; path = ContentView.swift; sourceTree = "<group>"; };
		2CA1325926E1948E000D19D3 /* airslip.xcdatamodel */ = {isa = PBXFileReference; lastKnownFileType = wrapper.xcdatamodel; path = airslip.xcdatamodel; sourceTree = "<group>"; };
		2CA1325B26E19498000D19D3 /* Assets.xcassets */ = {isa = PBXFileReference; lastKnownFileType = folder.assetcatalog; path = Assets.xcassets; sourceTree = "<group>"; };
		2CA1325E26E19498000D19D3 /* Preview Assets.xcassets */ = {isa = PBXFileReference; lastKnownFileType = folder.assetcatalog; path = "Preview Assets.xcassets"; sourceTree = "<group>"; };
		2CA1326126E19498000D19D3 /* Base */ = {isa = PBXFileReference; lastKnownFileType = file.storyboard; name = Base; path = Base.lproj/LaunchScreen.storyboard; sourceTree = "<group>"; };
		2CA1326326E19498000D19D3 /* Info.plist */ = {isa = PBXFileReference; lastKnownFileType = text.plist.xml; path = Info.plist; sourceTree = "<group>"; };
		2CA1326826E1949A000D19D3 /* airslipTests.xctest */ = {isa = PBXFileReference; explicitFileType = wrapper.cfbundle; includeInIndex = 0; path = airslipTests.xctest; sourceTree = BUILT_PRODUCTS_DIR; };
		2CA1326C26E1949A000D19D3 /* airslipTests.swift */ = {isa = PBXFileReference; lastKnownFileType = sourcecode.swift; path = airslipTests.swift; sourceTree = "<group>"; };
		2CA1326E26E1949A000D19D3 /* Info.plist */ = {isa = PBXFileReference; lastKnownFileType = text.plist.xml; path = Info.plist; sourceTree = "<group>"; };
		2CA1327326E1949B000D19D3 /* airslipUITests.xctest */ = {isa = PBXFileReference; explicitFileType = wrapper.cfbundle; includeInIndex = 0; path = airslipUITests.xctest; sourceTree = BUILT_PRODUCTS_DIR; };
		2CA1327726E1949B000D19D3 /* airslipUITests.swift */ = {isa = PBXFileReference; lastKnownFileType = sourcecode.swift; path = airslipUITests.swift; sourceTree = "<group>"; };
		2CA1327926E1949B000D19D3 /* Info.plist */ = {isa = PBXFileReference; lastKnownFileType = text.plist.xml; path = Info.plist; sourceTree = "<group>"; };
/* End PBXFileReference section */

/* Begin PBXFrameworksBuildPhase section */
		2CA1324C26E1948D000D19D3 /* Frameworks */ = {
			isa = PBXFrameworksBuildPhase;
			buildActionMask = 2147483647;
			files = (
			);
			runOnlyForDeploymentPostprocessing = 0;
		};
		2CA1326526E1949A000D19D3 /* Frameworks */ = {
			isa = PBXFrameworksBuildPhase;
			buildActionMask = 2147483647;
			files = (
			);
			runOnlyForDeploymentPostprocessing = 0;
		};
		2CA1327026E1949B000D19D3 /* Frameworks */ = {
			isa = PBXFrameworksBuildPhase;
			buildActionMask = 2147483647;
			files = (
			);
			runOnlyForDeploymentPostprocessing = 0;
		};
/* End PBXFrameworksBuildPhase section */

/* Begin PBXGroup section */
		00615C2A26E595AE0048F209 /* Views */ = {
			isa = PBXGroup;
			children = (
				2CA1325626E1948D000D19D3 /* ContentView.swift */,
				00615C2826E591500048F209 /* EditView.swift */,
			);
			path = Views;
			sourceTree = "<group>";
		};
		00615C2B26E595C70048F209 /* Api */ = {
			isa = PBXGroup;
			children = (
				004CBF2826E501330078907E /* getData.swift */,
			);
			name = Api;
			path = "New Group1";
			sourceTree = "<group>";
		};
		00615C2C26E595E90048F209 /* Data */ = {
			isa = PBXGroup;
			children = (
				00615C2D26E5961D0048F209 /* countries.swift */,
			);
			path = Data;
			sourceTree = "<group>";
		};
		2CA1324626E1948C000D19D3 = {
			isa = PBXGroup;
			children = (
				2CA1325126E1948D000D19D3 /* airslip */,
				2CA1326B26E1949A000D19D3 /* airslipTests */,
				2CA1327626E1949B000D19D3 /* airslipUITests */,
				2CA1325026E1948D000D19D3 /* Products */,
			);
			sourceTree = "<group>";
		};
		2CA1325026E1948D000D19D3 /* Products */ = {
			isa = PBXGroup;
			children = (
				2CA1324F26E1948D000D19D3 /* airslip.app */,
				2CA1326826E1949A000D19D3 /* airslipTests.xctest */,
				2CA1327326E1949B000D19D3 /* airslipUITests.xctest */,
			);
			name = Products;
			sourceTree = "<group>";
		};
		2CA1325126E1948D000D19D3 /* airslip */ = {
			isa = PBXGroup;
			children = (
				00615C2A26E595AE0048F209 /* Views */,
				00615C2B26E595C70048F209 /* Api */,
				00615C2C26E595E90048F209 /* Data */,
				2CA1325226E1948D000D19D3 /* AppDelegate.swift */,
				2CA1325426E1948D000D19D3 /* SceneDelegate.swift */,
				2CA1325B26E19498000D19D3 /* Assets.xcassets */,
				2CA1326026E19498000D19D3 /* LaunchScreen.storyboard */,
				2CA1326326E19498000D19D3 /* Info.plist */,
				2CA1325826E1948E000D19D3 /* airslip.xcdatamodeld */,
				2CA1325D26E19498000D19D3 /* Preview Content */,
			);
			path = airslip;
			sourceTree = "<group>";
		};
		2CA1325D26E19498000D19D3 /* Preview Content */ = {
			isa = PBXGroup;
			children = (
				2CA1325E26E19498000D19D3 /* Preview Assets.xcassets */,
			);
			path = "Preview Content";
			sourceTree = "<group>";
		};
		2CA1326B26E1949A000D19D3 /* airslipTests */ = {
			isa = PBXGroup;
			children = (
				2CA1326C26E1949A000D19D3 /* airslipTests.swift */,
				2CA1326E26E1949A000D19D3 /* Info.plist */,
			);
			path = airslipTests;
			sourceTree = "<group>";
		};
		2CA1327626E1949B000D19D3 /* airslipUITests */ = {
			isa = PBXGroup;
			children = (
				2CA1327726E1949B000D19D3 /* airslipUITests.swift */,
				2CA1327926E1949B000D19D3 /* Info.plist */,
			);
			path = airslipUITests;
			sourceTree = "<group>";
		};
/* End PBXGroup section */

/* Begin PBXNativeTarget section */
		2CA1324E26E1948D000D19D3 /* airslip */ = {
			isa = PBXNativeTarget;
			buildConfigurationList = 2CA1327C26E1949B000D19D3 /* Build configuration list for PBXNativeTarget "airslip" */;
			buildPhases = (
				2CA1324B26E1948D000D19D3 /* Sources */,
				2CA1324C26E1948D000D19D3 /* Frameworks */,
				2CA1324D26E1948D000D19D3 /* Resources */,
			);
			buildRules = (
			);
			dependencies = (
			);
			name = airslip;
			productName = airslip;
			productReference = 2CA1324F26E1948D000D19D3 /* airslip.app */;
			productType = "com.apple.product-type.application";
		};
		2CA1326726E1949A000D19D3 /* airslipTests */ = {
			isa = PBXNativeTarget;
			buildConfigurationList = 2CA1327F26E1949B000D19D3 /* Build configuration list for PBXNativeTarget "airslipTests" */;
			buildPhases = (
				2CA1326426E1949A000D19D3 /* Sources */,
				2CA1326526E1949A000D19D3 /* Frameworks */,
				2CA1326626E1949A000D19D3 /* Resources */,
			);
			buildRules = (
			);
			dependencies = (
				2CA1326A26E1949A000D19D3 /* PBXTargetDependency */,
			);
			name = airslipTests;
			productName = airslipTests;
			productReference = 2CA1326826E1949A000D19D3 /* airslipTests.xctest */;
			productType = "com.apple.product-type.bundle.unit-test";
		};
		2CA1327226E1949B000D19D3 /* airslipUITests */ = {
			isa = PBXNativeTarget;
			buildConfigurationList = 2CA1328226E1949B000D19D3 /* Build configuration list for PBXNativeTarget "airslipUITests" */;
			buildPhases = (
				2CA1326F26E1949B000D19D3 /* Sources */,
				2CA1327026E1949B000D19D3 /* Frameworks */,
				2CA1327126E1949B000D19D3 /* Resources */,
			);
			buildRules = (
			);
			dependencies = (
				2CA1327526E1949B000D19D3 /* PBXTargetDependency */,
			);
			name = airslipUITests;
			productName = airslipUITests;
			productReference = 2CA1327326E1949B000D19D3 /* airslipUITests.xctest */;
			productType = "com.apple.product-type.bundle.ui-testing";
		};
/* End PBXNativeTarget section */

/* Begin PBXProject section */
		2CA1324726E1948D000D19D3 /* Project object */ = {
			isa = PBXProject;
			attributes = {
				LastSwiftUpdateCheck = 1250;
				LastUpgradeCheck = 1250;
				TargetAttributes = {
					2CA1324E26E1948D000D19D3 = {
						CreatedOnToolsVersion = 12.5.1;
					};
					2CA1326726E1949A000D19D3 = {
						CreatedOnToolsVersion = 12.5.1;
						TestTargetID = 2CA1324E26E1948D000D19D3;
					};
					2CA1327226E1949B000D19D3 = {
						CreatedOnToolsVersion = 12.5.1;
						TestTargetID = 2CA1324E26E1948D000D19D3;
					};
				};
			};
			buildConfigurationList = 2CA1324A26E1948D000D19D3 /* Build configuration list for PBXProject "airslip" */;
			compatibilityVersion = "Xcode 9.3";
			developmentRegion = en;
			hasScannedForEncodings = 0;
			knownRegions = (
				en,
				Base,
			);
			mainGroup = 2CA1324626E1948C000D19D3;
			productRefGroup = 2CA1325026E1948D000D19D3 /* Products */;
			projectDirPath = "";
			projectRoot = "";
			targets = (
				2CA1324E26E1948D000D19D3 /* airslip */,
				2CA1326726E1949A000D19D3 /* airslipTests */,
				2CA1327226E1949B000D19D3 /* airslipUITests */,
			);
		};
/* End PBXProject section */

/* Begin PBXResourcesBuildPhase section */
		2CA1324D26E1948D000D19D3 /* Resources */ = {
			isa = PBXResourcesBuildPhase;
			buildActionMask = 2147483647;
			files = (
				2CA1326226E19498000D19D3 /* LaunchScreen.storyboard in Resources */,
				2CA1325F26E19498000D19D3 /* Preview Assets.xcassets in Resources */,
				2CA1325C26E19498000D19D3 /* Assets.xcassets in Resources */,
			);
			runOnlyForDeploymentPostprocessing = 0;
		};
		2CA1326626E1949A000D19D3 /* Resources */ = {
			isa = PBXResourcesBuildPhase;
			buildActionMask = 2147483647;
			files = (
			);
			runOnlyForDeploymentPostprocessing = 0;
		};
		2CA1327126E1949B000D19D3 /* Resources */ = {
			isa = PBXResourcesBuildPhase;
			buildActionMask = 2147483647;
			files = (
			);
			runOnlyForDeploymentPostprocessing = 0;
		};
/* End PBXResourcesBuildPhase section */

/* Begin PBXSourcesBuildPhase section */
		2CA1324B26E1948D000D19D3 /* Sources */ = {
			isa = PBXSourcesBuildPhase;
			buildActionMask = 2147483647;
			files = (
				004CBF2926E501330078907E /* getData.swift in Sources */,
				2CA1325A26E1948E000D19D3 /* airslip.xcdatamodeld in Sources */,
				2CA1325326E1948D000D19D3 /* AppDelegate.swift in Sources */,
				2CA1325526E1948D000D19D3 /* SceneDelegate.swift in Sources */,
				00615C2926E591510048F209 /* EditView.swift in Sources */,
				2CA1325726E1948D000D19D3 /* ContentView.swift in Sources */,
				00615C2E26E5961D0048F209 /* countries.swift in Sources */,
			);
			runOnlyForDeploymentPostprocessing = 0;
		};
		2CA1326426E1949A000D19D3 /* Sources */ = {
			isa = PBXSourcesBuildPhase;
			buildActionMask = 2147483647;
			files = (
				2CA1326D26E1949A000D19D3 /* airslipTests.swift in Sources */,
			);
			runOnlyForDeploymentPostprocessing = 0;
		};
		2CA1326F26E1949B000D19D3 /* Sources */ = {
			isa = PBXSourcesBuildPhase;
			buildActionMask = 2147483647;
			files = (
				2CA1327826E1949B000D19D3 /* airslipUITests.swift in Sources */,
			);
			runOnlyForDeploymentPostprocessing = 0;
		};
/* End PBXSourcesBuildPhase section */

/* Begin PBXTargetDependency section */
		2CA1326A26E1949A000D19D3 /* PBXTargetDependency */ = {
			isa = PBXTargetDependency;
			target = 2CA1324E26E1948D000D19D3 /* airslip */;
			targetProxy = 2CA1326926E1949A000D19D3 /* PBXContainerItemProxy */;
		};
		2CA1327526E1949B000D19D3 /* PBXTargetDependency */ = {
			isa = PBXTargetDependency;
			target = 2CA1324E26E1948D000D19D3 /* airslip */;
			targetProxy = 2CA1327426E1949B000D19D3 /* PBXContainerItemProxy */;
		};
/* End PBXTargetDependency section */

/* Begin PBXVariantGroup section */
		2CA1326026E19498000D19D3 /* LaunchScreen.storyboard */ = {
			isa = PBXVariantGroup;
			children = (
				2CA1326126E19498000D19D3 /* Base */,
			);
			name = LaunchScreen.storyboard;
			sourceTree = "<group>";
		};
/* End PBXVariantGroup section */

/* Begin XCBuildConfiguration section */
		2CA1327A26E1949B000D19D3 /* Debug */ = {
			isa = XCBuildConfiguration;
			buildSettings = {
				ALWAYS_SEARCH_USER_PATHS = NO;
				CLANG_ANALYZER_NONNULL = YES;
				CLANG_ANALYZER_NUMBER_OBJECT_CONVERSION = YES_AGGRESSIVE;
				CLANG_CXX_LANGUAGE_STANDARD = "gnu++14";
				CLANG_CXX_LIBRARY = "libc++";
				CLANG_ENABLE_MODULES = YES;
				CLANG_ENABLE_OBJC_ARC = YES;
				CLANG_ENABLE_OBJC_WEAK = YES;
				CLANG_WARN_BLOCK_CAPTURE_AUTORELEASING = YES;
				CLANG_WARN_BOOL_CONVERSION = YES;
				CLANG_WARN_COMMA = YES;
				CLANG_WARN_CONSTANT_CONVERSION = YES;
				CLANG_WARN_DEPRECATED_OBJC_IMPLEMENTATIONS = YES;
				CLANG_WARN_DIRECT_OBJC_ISA_USAGE = YES_ERROR;
				CLANG_WARN_DOCUMENTATION_COMMENTS = YES;
				CLANG_WARN_EMPTY_BODY = YES;
				CLANG_WARN_ENUM_CONVERSION = YES;
				CLANG_WARN_INFINITE_RECURSION = YES;
				CLANG_WARN_INT_CONVERSION = YES;
				CLANG_WARN_NON_LITERAL_NULL_CONVERSION = YES;
				CLANG_WARN_OBJC_IMPLICIT_RETAIN_SELF = YES;
				CLANG_WARN_OBJC_LITERAL_CONVERSION = YES;
				CLANG_WARN_OBJC_ROOT_CLASS = YES_ERROR;
				CLANG_WARN_QUOTED_INCLUDE_IN_FRAMEWORK_HEADER = YES;
				CLANG_WARN_RANGE_LOOP_ANALYSIS = YES;
				CLANG_WARN_STRICT_PROTOTYPES = YES;
				CLANG_WARN_SUSPICIOUS_MOVE = YES;
				CLANG_WARN_UNGUARDED_AVAILABILITY = YES_AGGRESSIVE;
				CLANG_WARN_UNREACHABLE_CODE = YES;
				CLANG_WARN__DUPLICATE_METHOD_MATCH = YES;
				COPY_PHASE_STRIP = NO;
				DEBUG_INFORMATION_FORMAT = dwarf;
				ENABLE_STRICT_OBJC_MSGSEND = YES;
				ENABLE_TESTABILITY = YES;
				GCC_C_LANGUAGE_STANDARD = gnu11;
				GCC_DYNAMIC_NO_PIC = NO;
				GCC_NO_COMMON_BLOCKS = YES;
				GCC_OPTIMIZATION_LEVEL = 0;
				GCC_PREPROCESSOR_DEFINITIONS = (
					"DEBUG=1",
					"$(inherited)",
				);
				GCC_WARN_64_TO_32_BIT_CONVERSION = YES;
				GCC_WARN_ABOUT_RETURN_TYPE = YES_ERROR;
				GCC_WARN_UNDECLARED_SELECTOR = YES;
				GCC_WARN_UNINITIALIZED_AUTOS = YES_AGGRESSIVE;
				GCC_WARN_UNUSED_FUNCTION = YES;
				GCC_WARN_UNUSED_VARIABLE = YES;
				IPHONEOS_DEPLOYMENT_TARGET = 15.0;
				MTL_ENABLE_DEBUG_INFO = INCLUDE_SOURCE;
				MTL_FAST_MATH = YES;
				ONLY_ACTIVE_ARCH = YES;
				SDKROOT = iphoneos;
				SWIFT_ACTIVE_COMPILATION_CONDITIONS = DEBUG;
				SWIFT_OPTIMIZATION_LEVEL = "-Onone";
			};
			name = Debug;
		};
		2CA1327B26E1949B000D19D3 /* Release */ = {
			isa = XCBuildConfiguration;
			buildSettings = {
				ALWAYS_SEARCH_USER_PATHS = NO;
				CLANG_ANALYZER_NONNULL = YES;
				CLANG_ANALYZER_NUMBER_OBJECT_CONVERSION = YES_AGGRESSIVE;
				CLANG_CXX_LANGUAGE_STANDARD = "gnu++14";
				CLANG_CXX_LIBRARY = "libc++";
				CLANG_ENABLE_MODULES = YES;
				CLANG_ENABLE_OBJC_ARC = YES;
				CLANG_ENABLE_OBJC_WEAK = YES;
				CLANG_WARN_BLOCK_CAPTURE_AUTORELEASING = YES;
				CLANG_WARN_BOOL_CONVERSION = YES;
				CLANG_WARN_COMMA = YES;
				CLANG_WARN_CONSTANT_CONVERSION = YES;
				CLANG_WARN_DEPRECATED_OBJC_IMPLEMENTATIONS = YES;
				CLANG_WARN_DIRECT_OBJC_ISA_USAGE = YES_ERROR;
				CLANG_WARN_DOCUMENTATION_COMMENTS = YES;
				CLANG_WARN_EMPTY_BODY = YES;
				CLANG_WARN_ENUM_CONVERSION = YES;
				CLANG_WARN_INFINITE_RECURSION = YES;
				CLANG_WARN_INT_CONVERSION = YES;
				CLANG_WARN_NON_LITERAL_NULL_CONVERSION = YES;
				CLANG_WARN_OBJC_IMPLICIT_RETAIN_SELF = YES;
				CLANG_WARN_OBJC_LITERAL_CONVERSION = YES;
				CLANG_WARN_OBJC_ROOT_CLASS = YES_ERROR;
				CLANG_WARN_QUOTED_INCLUDE_IN_FRAMEWORK_HEADER = YES;
				CLANG_WARN_RANGE_LOOP_ANALYSIS = YES;
				CLANG_WARN_STRICT_PROTOTYPES = YES;
				CLANG_WARN_SUSPICIOUS_MOVE = YES;
				CLANG_WARN_UNGUARDED_AVAILABILITY = YES_AGGRESSIVE;
				CLANG_WARN_UNREACHABLE_CODE = YES;
				CLANG_WARN__DUPLICATE_METHOD_MATCH = YES;
				COPY_PHASE_STRIP = NO;
				DEBUG_INFORMATION_FORMAT = "dwarf-with-dsym";
				ENABLE_NS_ASSERTIONS = NO;
				ENABLE_STRICT_OBJC_MSGSEND = YES;
				GCC_C_LANGUAGE_STANDARD = gnu11;
				GCC_NO_COMMON_BLOCKS = YES;
				GCC_WARN_64_TO_32_BIT_CONVERSION = YES;
				GCC_WARN_ABOUT_RETURN_TYPE = YES_ERROR;
				GCC_WARN_UNDECLARED_SELECTOR = YES;
				GCC_WARN_UNINITIALIZED_AUTOS = YES_AGGRESSIVE;
				GCC_WARN_UNUSED_FUNCTION = YES;
				GCC_WARN_UNUSED_VARIABLE = YES;
				IPHONEOS_DEPLOYMENT_TARGET = 15.0;
				MTL_ENABLE_DEBUG_INFO = NO;
				MTL_FAST_MATH = YES;
				SDKROOT = iphoneos;
				SWIFT_COMPILATION_MODE = wholemodule;
				SWIFT_OPTIMIZATION_LEVEL = "-O";
				VALIDATE_PRODUCT = YES;
			};
			name = Release;
		};
		2CA1327D26E1949B000D19D3 /* Debug */ = {
			isa = XCBuildConfiguration;
			buildSettings = {
				ASSETCATALOG_COMPILER_APPICON_NAME = AppIcon;
				ASSETCATALOG_COMPILER_GLOBAL_ACCENT_COLOR_NAME = AccentColor;
				CODE_SIGN_STYLE = Automatic;
				DEVELOPMENT_ASSET_PATHS = "\"airslip/Preview Content\"";
				DEVELOPMENT_TEAM = U8GN24AH8H;
				ENABLE_PREVIEWS = YES;
				INFOPLIST_FILE = airslip/Info.plist;
				LD_RUNPATH_SEARCH_PATHS = (
					"$(inherited)",
					"@executable_path/Frameworks",
				);
				PRODUCT_BUNDLE_IDENTIFIER = uk.co.hanis.airslip;
				PRODUCT_NAME = "$(TARGET_NAME)";
				SWIFT_VERSION = 5.0;
				TARGETED_DEVICE_FAMILY = "1,2";
			};
			name = Debug;
		};
		2CA1327E26E1949B000D19D3 /* Release */ = {
			isa = XCBuildConfiguration;
			buildSettings = {
				ASSETCATALOG_COMPILER_APPICON_NAME = AppIcon;
				ASSETCATALOG_COMPILER_GLOBAL_ACCENT_COLOR_NAME = AccentColor;
				CODE_SIGN_STYLE = Automatic;
				DEVELOPMENT_ASSET_PATHS = "\"airslip/Preview Content\"";
				DEVELOPMENT_TEAM = U8GN24AH8H;
				ENABLE_PREVIEWS = YES;
				INFOPLIST_FILE = airslip/Info.plist;
				LD_RUNPATH_SEARCH_PATHS = (
					"$(inherited)",
					"@executable_path/Frameworks",
				);
				PRODUCT_BUNDLE_IDENTIFIER = uk.co.hanis.airslip;
				PRODUCT_NAME = "$(TARGET_NAME)";
				SWIFT_VERSION = 5.0;
				TARGETED_DEVICE_FAMILY = "1,2";
			};
			name = Release;
		};
		2CA1328026E1949B000D19D3 /* Debug */ = {
			isa = XCBuildConfiguration;
			buildSettings = {
				ALWAYS_EMBED_SWIFT_STANDARD_LIBRARIES = YES;
				BUNDLE_LOADER = "$(TEST_HOST)";
				CODE_SIGN_STYLE = Automatic;
				DEVELOPMENT_TEAM = U8GN24AH8H;
				INFOPLIST_FILE = airslipTests/Info.plist;
				IPHONEOS_DEPLOYMENT_TARGET = 14.5;
				LD_RUNPATH_SEARCH_PATHS = (
					"$(inherited)",
					"@executable_path/Frameworks",
					"@loader_path/Frameworks",
				);
				PRODUCT_BUNDLE_IDENTIFIER = uk.co.hanis.airslipTests;
				PRODUCT_NAME = "$(TARGET_NAME)";
				SWIFT_VERSION = 5.0;
				TARGETED_DEVICE_FAMILY = "1,2";
				TEST_HOST = "$(BUILT_PRODUCTS_DIR)/airslip.app/airslip";
			};
			name = Debug;
		};
		2CA1328126E1949B000D19D3 /* Release */ = {
			isa = XCBuildConfiguration;
			buildSettings = {
				ALWAYS_EMBED_SWIFT_STANDARD_LIBRARIES = YES;
				BUNDLE_LOADER = "$(TEST_HOST)";
				CODE_SIGN_STYLE = Automatic;
				DEVELOPMENT_TEAM = U8GN24AH8H;
				INFOPLIST_FILE = airslipTests/Info.plist;
				IPHONEOS_DEPLOYMENT_TARGET = 14.5;
				LD_RUNPATH_SEARCH_PATHS = (
					"$(inherited)",
					"@executable_path/Frameworks",
					"@loader_path/Frameworks",
				);
				PRODUCT_BUNDLE_IDENTIFIER = uk.co.hanis.airslipTests;
				PRODUCT_NAME = "$(TARGET_NAME)";
				SWIFT_VERSION = 5.0;
				TARGETED_DEVICE_FAMILY = "1,2";
				TEST_HOST = "$(BUILT_PRODUCTS_DIR)/airslip.app/airslip";
			};
			name = Release;
		};
		2CA1328326E1949B000D19D3 /* Debug */ = {
			isa = XCBuildConfiguration;
			buildSettings = {
				ALWAYS_EMBED_SWIFT_STANDARD_LIBRARIES = YES;
				CODE_SIGN_STYLE = Automatic;
				DEVELOPMENT_TEAM = U8GN24AH8H;
				INFOPLIST_FILE = airslipUITests/Info.plist;
				LD_RUNPATH_SEARCH_PATHS = (
					"$(inherited)",
					"@executable_path/Frameworks",
					"@loader_path/Frameworks",
				);
				PRODUCT_BUNDLE_IDENTIFIER = uk.co.hanis.airslipUITests;
				PRODUCT_NAME = "$(TARGET_NAME)";
				SWIFT_VERSION = 5.0;
				TARGETED_DEVICE_FAMILY = "1,2";
				TEST_TARGET_NAME = airslip;
			};
			name = Debug;
		};
		2CA1328426E1949B000D19D3 /* Release */ = {
			isa = XCBuildConfiguration;
			buildSettings = {
				ALWAYS_EMBED_SWIFT_STANDARD_LIBRARIES = YES;
				CODE_SIGN_STYLE = Automatic;
				DEVELOPMENT_TEAM = U8GN24AH8H;
				INFOPLIST_FILE = airslipUITests/Info.plist;
				LD_RUNPATH_SEARCH_PATHS = (
					"$(inherited)",
					"@executable_path/Frameworks",
					"@loader_path/Frameworks",
				);
				PRODUCT_BUNDLE_IDENTIFIER = uk.co.hanis.airslipUITests;
				PRODUCT_NAME = "$(TARGET_NAME)";
				SWIFT_VERSION = 5.0;
				TARGETED_DEVICE_FAMILY = "1,2";
				TEST_TARGET_NAME = airslip;
			};
			name = Release;
		};
/* End XCBuildConfiguration section */

/* Begin XCConfigurationList section */
		2CA1324A26E1948D000D19D3 /* Build configuration list for PBXProject "airslip" */ = {
			isa = XCConfigurationList;
			buildConfigurations = (
				2CA1327A26E1949B000D19D3 /* Debug */,
				2CA1327B26E1949B000D19D3 /* Release */,
			);
			defaultConfigurationIsVisible = 0;
			defaultConfigurationName = Release;
		};
		2CA1327C26E1949B000D19D3 /* Build configuration list for PBXNativeTarget "airslip" */ = {
			isa = XCConfigurationList;
			buildConfigurations = (
				2CA1327D26E1949B000D19D3 /* Debug */,
				2CA1327E26E1949B000D19D3 /* Release */,
			);
			defaultConfigurationIsVisible = 0;
			defaultConfigurationName = Release;
		};
		2CA1327F26E1949B000D19D3 /* Build configuration list for PBXNativeTarget "airslipTests" */ = {
			isa = XCConfigurationList;
			buildConfigurations = (
				2CA1328026E1949B000D19D3 /* Debug */,
				2CA1328126E1949B000D19D3 /* Release */,
			);
			defaultConfigurationIsVisible = 0;
			defaultConfigurationName = Release;
		};
		2CA1328226E1949B000D19D3 /* Build configuration list for PBXNativeTarget "airslipUITests" */ = {
			isa = XCConfigurationList;
			buildConfigurations = (
				2CA1328326E1949B000D19D3 /* Debug */,
				2CA1328426E1949B000D19D3 /* Release */,
			);
			defaultConfigurationIsVisible = 0;
			defaultConfigurationName = Release;
		};
/* End XCConfigurationList section */

/* Begin XCVersionGroup section */
		2CA1325826E1948E000D19D3 /* airslip.xcdatamodeld */ = {
			isa = XCVersionGroup;
			children = (
				2CA1325926E1948E000D19D3 /* airslip.xcdatamodel */,
			);
			currentVersion = 2CA1325926E1948E000D19D3 /* airslip.xcdatamodel */;
			path = airslip.xcdatamodeld;
			sourceTree = "<group>";
			versionGroupType = wrapper.xcdatamodel;
		};
/* End XCVersionGroup section */
	};
	rootObject = 2CA1324726E1948D000D19D3 /* Project object */;
}
